
Microsoft Visual Studio Solution File, Format Version 12.00
# Visual Studio Version 17
VisualStudioVersion = 17.9.34728.123
MinimumVisualStudioVersion = 10.0.40219.1
Project("{9A19103F-16F7-4668-BE54-9A1E7A4F7556}") = "OrderService", "OrderService\OrderService.csproj", "{E4BD839A-0F23-45A5-AF35-DA1DFE01E8DE}"
EndProject
Project("{9A19103F-16F7-4668-BE54-9A1E7A4F7556}") = "InventoryService", "InventoryService\InventoryService.csproj", "{6A0B78B6-E97E-4194-9FCA-98D88DEA39DB}"
EndProject
Project("{9A19103F-16F7-4668-BE54-9A1E7A4F7556}") = "ApiGateway", "ApiGateway\ApiGateway.csproj", "{162E9F77-6F94-4F24-AD04-3B06C02DE763}"
EndProject
Project("{9A19103F-16F7-4668-BE54-9A1E7A4F7556}") = "UserService", "UserService\UserService.csproj", "{3635CEA6-A430-4BAB-98A4-7A3959658992}"
EndProject
Global
	GlobalSection(SolutionConfigurationPlatforms) = preSolution
		Debug|Any CPU = Debug|Any CPU
		Release|Any CPU = Release|Any CPU
	EndGlobalSection
	GlobalSection(ProjectConfigurationPlatforms) = postSolution
		{E4BD839A-0F23-45A5-AF35-DA1DFE01E8DE}.Debug|Any CPU.ActiveCfg = Debug|Any CPU
		{E4BD839A-0F23-45A5-AF35-DA1DFE01E8DE}.Debug|Any CPU.Build.0 = Debug|Any CPU
		{E4BD839A-0F23-45A5-AF35-DA1DFE01E8DE}.Release|Any CPU.ActiveCfg = Release|Any CPU
		{E4BD839A-0F23-45A5-AF35-DA1DFE01E8DE}.Release|Any CPU.Build.0 = Release|Any CPU
		{6A0B78B6-E97E-4194-9FCA-98D88DEA39DB}.Debug|Any CPU.ActiveCfg = Debug|Any CPU
		{6A0B78B6-E97E-4194-9FCA-98D88DEA39DB}.Debug|Any CPU.Build.0 = Debug|Any CPU
		{6A0B78B6-E97E-4194-9FCA-98D88DEA39DB}.Release|Any CPU.ActiveCfg = Release|Any CPU
		{6A0B78B6-E97E-4194-9FCA-98D88DEA39DB}.Release|Any CPU.Build.0 = Release|Any CPU
		{162E9F77-6F94-4F24-AD04-3B06C02DE763}.Debug|Any CPU.ActiveCfg = Debug|Any CPU
		{162E9F77-6F94-4F24-AD04-3B06C02DE763}.Debug|Any CPU.Build.0 = Debug|Any CPU
		{162E9F77-6F94-4F24-AD04-3B06C02DE763}.Release|Any CPU.ActiveCfg = Release|Any CPU
		{162E9F77-6F94-4F24-AD04-3B06C02DE763}.Release|Any CPU.Build.0 = Release|Any CPU
		{3635CEA6-A430-4BAB-98A4-7A3959658992}.Debug|Any CPU.ActiveCfg = Debug|Any CPU
		{3635CEA6-A430-4BAB-98A4-7A3959658992}.Debug|Any CPU.Build.0 = Debug|Any CPU
		{3635CEA6-A430-4BAB-98A4-7A3959658992}.Release|Any CPU.ActiveCfg = Release|Any CPU
		{3635CEA6-A430-4BAB-98A4-7A3959658992}.Release|Any CPU.Build.0 = Release|Any CPU
	EndGlobalSection
	GlobalSection(SolutionProperties) = preSolution
		HideSolutionNode = FALSE
	EndGlobalSection
	GlobalSection(ExtensibilityGlobals) = postSolution
		SolutionGuid = {8C36071C-1B5D-473A-B2D9-038147037B88}
	EndGlobalSection
EndGlobal
